// !$*UTF8*$!
{
	archiveVersion = 1;
	classes = {
	};
	objectVersion = 56;
	objects = {

/* Begin PBXBuildFile section */
		5B0A55A82B5E0DAD0000CBD8 /* AppDelegate.swift in Sources */ = {isa = PBXBuildFile; fileRef = 5B0A55A72B5E0DAD0000CBD8 /* AppDelegate.swift */; };
		5B0A55AA2B5E0DAD0000CBD8 /* SceneDelegate.swift in Sources */ = {isa = PBXBuildFile; fileRef = 5B0A55A92B5E0DAD0000CBD8 /* SceneDelegate.swift */; };
		5B0A55AC2B5E0DAD0000CBD8 /* ViewController.swift in Sources */ = {isa = PBXBuildFile; fileRef = 5B0A55AB2B5E0DAD0000CBD8 /* ViewController.swift */; };
		5B0A55AF2B5E0DAD0000CBD8 /* Main.storyboard in Resources */ = {isa = PBXBuildFile; fileRef = 5B0A55AD2B5E0DAD0000CBD8 /* Main.storyboard */; };
		5B0A55B12B5E0DAE0000CBD8 /* Assets.xcassets in Resources */ = {isa = PBXBuildFile; fileRef = 5B0A55B02B5E0DAE0000CBD8 /* Assets.xcassets */; };
		5B0A55B42B5E0DAE0000CBD8 /* LaunchScreen.storyboard in Resources */ = {isa = PBXBuildFile; fileRef = 5B0A55B22B5E0DAE0000CBD8 /* LaunchScreen.storyboard */; };
		5B0A55BF2B5E0DF40000CBD8 /* MainView.swift in Sources */ = {isa = PBXBuildFile; fileRef = 5B0A55BE2B5E0DF40000CBD8 /* MainView.swift */; };
		5B0A55C12B5E3BB50000CBD8 /* BMICalculatorManager.swift in Sources */ = {isa = PBXBuildFile; fileRef = 5B0A55C02B5E3BB50000CBD8 /* BMICalculatorManager.swift */; };
		5B0A55C32B5E3E230000CBD8 /* BMI.swift in Sources */ = {isa = PBXBuildFile; fileRef = 5B0A55C22B5E3E230000CBD8 /* BMI.swift */; };
		5B0A55C52B5E3EBE0000CBD8 /* ResultView.swift in Sources */ = {isa = PBXBuildFile; fileRef = 5B0A55C42B5E3EBE0000CBD8 /* ResultView.swift */; };
		5B0A55C72B5E4A950000CBD8 /* ResultViewController.swift in Sources */ = {isa = PBXBuildFile; fileRef = 5B0A55C62B5E4A950000CBD8 /* ResultViewController.swift */; };
/* End PBXBuildFile section */

/* Begin PBXFileReference section */
		5B0A55A42B5E0DAD0000CBD8 /* PracticeApp04.app */ = {isa = PBXFileReference; explicitFileType = wrapper.application; includeInIndex = 0; path = PracticeApp04.app; sourceTree = BUILT_PRODUCTS_DIR; };
		5B0A55A72B5E0DAD0000CBD8 /* AppDelegate.swift */ = {isa = PBXFileReference; lastKnownFileType = sourcecode.swift; path = AppDelegate.swift; sourceTree = "<group>"; };
		5B0A55A92B5E0DAD0000CBD8 /* SceneDelegate.swift */ = {isa = PBXFileReference; lastKnownFileType = sourcecode.swift; path = SceneDelegate.swift; sourceTree = "<group>"; };
		5B0A55AB2B5E0DAD0000CBD8 /* ViewController.swift */ = {isa = PBXFileReference; lastKnownFileType = sourcecode.swift; path = ViewController.swift; sourceTree = "<group>"; };
		5B0A55AE2B5E0DAD0000CBD8 /* Base */ = {isa = PBXFileReference; lastKnownFileType = file.storyboard; name = Base; path = Base.lproj/Main.storyboard; sourceTree = "<group>"; };
		5B0A55B02B5E0DAE0000CBD8 /* Assets.xcassets */ = {isa = PBXFileReference; lastKnownFileType = folder.assetcatalog; path = Assets.xcassets; sourceTree = "<group>"; };
		5B0A55B32B5E0DAE0000CBD8 /* Base */ = {isa = PBXFileReference; lastKnownFileType = file.storyboard; name = Base; path = Base.lproj/LaunchScreen.storyboard; sourceTree = "<group>"; };
		5B0A55B52B5E0DAE0000CBD8 /* Info.plist */ = {isa = PBXFileReference; lastKnownFileType = text.plist.xml; path = Info.plist; sourceTree = "<group>"; };
		5B0A55BE2B5E0DF40000CBD8 /* MainView.swift */ = {isa = PBXFileReference; lastKnownFileType = sourcecode.swift; path = MainView.swift; sourceTree = "<group>"; };
		5B0A55C02B5E3BB50000CBD8 /* BMICalculatorManager.swift */ = {isa = PBXFileReference; lastKnownFileType = sourcecode.swift; path = BMICalculatorManager.swift; sourceTree = "<group>"; };
		5B0A55C22B5E3E230000CBD8 /* BMI.swift */ = {isa = PBXFileReference; lastKnownFileType = sourcecode.swift; path = BMI.swift; sourceTree = "<group>"; };
		5B0A55C42B5E3EBE0000CBD8 /* ResultView.swift */ = {isa = PBXFileReference; lastKnownFileType = sourcecode.swift; path = ResultView.swift; sourceTree = "<group>"; };
		5B0A55C62B5E4A950000CBD8 /* ResultViewController.swift */ = {isa = PBXFileReference; lastKnownFileType = sourcecode.swift; path = ResultViewController.swift; sourceTree = "<group>"; };
/* End PBXFileReference section */

/* Begin PBXFrameworksBuildPhase section */
		5B0A55A12B5E0DAD0000CBD8 /* Frameworks */ = {
			isa = PBXFrameworksBuildPhase;
			buildActionMask = 2147483647;
			files = (
			);
			runOnlyForDeploymentPostprocessing = 0;
		};
/* End PBXFrameworksBuildPhase section */

/* Begin PBXGroup section */
		5B0A559B2B5E0DAD0000CBD8 = {
			isa = PBXGroup;
			children = (
				5B0A55A62B5E0DAD0000CBD8 /* PracticeApp04 */,
				5B0A55A52B5E0DAD0000CBD8 /* Products */,
			);
			sourceTree = "<group>";
		};
		5B0A55A52B5E0DAD0000CBD8 /* Products */ = {
			isa = PBXGroup;
			children = (
				5B0A55A42B5E0DAD0000CBD8 /* PracticeApp04.app */,
			);
			name = Products;
			sourceTree = "<group>";
		};
		5B0A55A62B5E0DAD0000CBD8 /* PracticeApp04 */ = {
			isa = PBXGroup;
			children = (
				5B0A55A72B5E0DAD0000CBD8 /* AppDelegate.swift */,
				5B0A55A92B5E0DAD0000CBD8 /* SceneDelegate.swift */,
				5B0A55BB2B5E0DB40000CBD8 /* Models */,
				5B0A55BD2B5E0DC60000CBD8 /* Views */,
				5B0A55BC2B5E0DBF0000CBD8 /* Controllers */,
				5B0A55B02B5E0DAE0000CBD8 /* Assets.xcassets */,
				5B0A55B22B5E0DAE0000CBD8 /* LaunchScreen.storyboard */,
				5B0A55AD2B5E0DAD0000CBD8 /* Main.storyboard */,
				5B0A55B52B5E0DAE0000CBD8 /* Info.plist */,
			);
			path = PracticeApp04;
			sourceTree = "<group>";
		};
		5B0A55BB2B5E0DB40000CBD8 /* Models */ = {
			isa = PBXGroup;
			children = (
				5B0A55C02B5E3BB50000CBD8 /* BMICalculatorManager.swift */,
				5B0A55C22B5E3E230000CBD8 /* BMI.swift */,
			);
			path = Models;
			sourceTree = "<group>";
		};
		5B0A55BC2B5E0DBF0000CBD8 /* Controllers */ = {
			isa = PBXGroup;
			children = (
				5B0A55AB2B5E0DAD0000CBD8 /* ViewController.swift */,
				5B0A55C62B5E4A950000CBD8 /* ResultViewController.swift */,
			);
			path = Controllers;
			sourceTree = "<group>";
		};
		5B0A55BD2B5E0DC60000CBD8 /* Views */ = {
			isa = PBXGroup;
			children = (
				5B0A55BE2B5E0DF40000CBD8 /* MainView.swift */,
				5B0A55C42B5E3EBE0000CBD8 /* ResultView.swift */,
			);
			path = Views;
			sourceTree = "<group>";
		};
/* End PBXGroup section */

/* Begin PBXNativeTarget section */
		5B0A55A32B5E0DAD0000CBD8 /* PracticeApp04 */ = {
			isa = PBXNativeTarget;
			buildConfigurationList = 5B0A55B82B5E0DAE0000CBD8 /* Build configuration list for PBXNativeTarget "PracticeApp04" */;
			buildPhases = (
				5B0A55A02B5E0DAD0000CBD8 /* Sources */,
				5B0A55A12B5E0DAD0000CBD8 /* Frameworks */,
				5B0A55A22B5E0DAD0000CBD8 /* Resources */,
			);
			buildRules = (
			);
			dependencies = (
			);
			name = PracticeApp04;
			productName = PracticeApp04;
			productReference = 5B0A55A42B5E0DAD0000CBD8 /* PracticeApp04.app */;
			productType = "com.apple.product-type.application";
		};
/* End PBXNativeTarget section */

/* Begin PBXProject section */
		5B0A559C2B5E0DAD0000CBD8 /* Project object */ = {
			isa = PBXProject;
			attributes = {
				BuildIndependentTargetsInParallel = 1;
				LastSwiftUpdateCheck = 1430;
				LastUpgradeCheck = 1430;
				TargetAttributes = {
					5B0A55A32B5E0DAD0000CBD8 = {
						CreatedOnToolsVersion = 14.3.1;
					};
				};
			};
			buildConfigurationList = 5B0A559F2B5E0DAD0000CBD8 /* Build configuration list for PBXProject "PracticeApp04" */;
			compatibilityVersion = "Xcode 14.0";
			developmentRegion = en;
			hasScannedForEncodings = 0;
			knownRegions = (
				en,
				Base,
			);
			mainGroup = 5B0A559B2B5E0DAD0000CBD8;
			productRefGroup = 5B0A55A52B5E0DAD0000CBD8 /* Products */;
			projectDirPath = "";
			projectRoot = "";
			targets = (
				5B0A55A32B5E0DAD0000CBD8 /* PracticeApp04 */,
			);
		};
/* End PBXProject section */

/* Begin PBXResourcesBuildPhase section */
		5B0A55A22B5E0DAD0000CBD8 /* Resources */ = {
			isa = PBXResourcesBuildPhase;
			buildActionMask = 2147483647;
			files = (
				5B0A55B42B5E0DAE0000CBD8 /* LaunchScreen.storyboard in Resources */,
				5B0A55B12B5E0DAE0000CBD8 /* Assets.xcassets in Resources */,
				5B0A55AF2B5E0DAD0000CBD8 /* Main.storyboard in Resources */,
			);
			runOnlyForDeploymentPostprocessing = 0;
		};
/* End PBXResourcesBuildPhase section */

/* Begin PBXSourcesBuildPhase section */
		5B0A55A02B5E0DAD0000CBD8 /* Sources */ = {
			isa = PBXSourcesBuildPhase;
			buildActionMask = 2147483647;
			files = (
				5B0A55AC2B5E0DAD0000CBD8 /* ViewController.swift in Sources */,
				5B0A55BF2B5E0DF40000CBD8 /* MainView.swift in Sources */,
				5B0A55A82B5E0DAD0000CBD8 /* AppDelegate.swift in Sources */,
				5B0A55C72B5E4A950000CBD8 /* ResultViewController.swift in Sources */,
				5B0A55C12B5E3BB50000CBD8 /* BMICalculatorManager.swift in Sources */,
				5B0A55C32B5E3E230000CBD8 /* BMI.swift in Sources */,
				5B0A55C52B5E3EBE0000CBD8 /* ResultView.swift in Sources */,
				5B0A55AA2B5E0DAD0000CBD8 /* SceneDelegate.swift in Sources */,
			);
			runOnlyForDeploymentPostprocessing = 0;
		};
/* End PBXSourcesBuildPhase section */

/* Begin PBXVariantGroup section */
		5B0A55AD2B5E0DAD0000CBD8 /* Main.storyboard */ = {
			isa = PBXVariantGroup;
			children = (
				5B0A55AE2B5E0DAD0000CBD8 /* Base */,
			);
			name = Main.storyboard;
			sourceTree = "<group>";
		};
		5B0A55B22B5E0DAE0000CBD8 /* LaunchScreen.storyboard */ = {
			isa = PBXVariantGroup;
			children = (
				5B0A55B32B5E0DAE0000CBD8 /* Base */,
			);
			name = LaunchScreen.storyboard;
			sourceTree = "<group>";
		};
/* End PBXVariantGroup section */

/* Begin XCBuildConfiguration section */
		5B0A55B62B5E0DAE0000CBD8 /* Debug */ = {
			isa = XCBuildConfiguration;
			buildSettings = {
				ALWAYS_SEARCH_USER_PATHS = NO;
				CLANG_ANALYZER_NONNULL = YES;
				CLANG_ANALYZER_NUMBER_OBJECT_CONVERSION = YES_AGGRESSIVE;
				CLANG_CXX_LANGUAGE_STANDARD = "gnu++20";
				CLANG_ENABLE_MODULES = YES;
				CLANG_ENABLE_OBJC_ARC = YES;
				CLANG_ENABLE_OBJC_WEAK = YES;
				CLANG_WARN_BLOCK_CAPTURE_AUTORELEASING = YES;
				CLANG_WARN_BOOL_CONVERSION = YES;
				CLANG_WARN_COMMA = YES;
				CLANG_WARN_CONSTANT_CONVERSION = YES;
				CLANG_WARN_DEPRECATED_OBJC_IMPLEMENTATIONS = YES;
				CLANG_WARN_DIRECT_OBJC_ISA_USAGE = YES_ERROR;
				CLANG_WARN_DOCUMENTATION_COMMENTS = YES;
				CLANG_WARN_EMPTY_BODY = YES;
				CLANG_WARN_ENUM_CONVERSION = YES;
				CLANG_WARN_INFINITE_RECURSION = YES;
				CLANG_WARN_INT_CONVERSION = YES;
				CLANG_WARN_NON_LITERAL_NULL_CONVERSION = YES;
				CLANG_WARN_OBJC_IMPLICIT_RETAIN_SELF = YES;
				CLANG_WARN_OBJC_LITERAL_CONVERSION = YES;
				CLANG_WARN_OBJC_ROOT_CLASS = YES_ERROR;
				CLANG_WARN_QUOTED_INCLUDE_IN_FRAMEWORK_HEADER = YES;
				CLANG_WARN_RANGE_LOOP_ANALYSIS = YES;
				CLANG_WARN_STRICT_PROTOTYPES = YES;
				CLANG_WARN_SUSPICIOUS_MOVE = YES;
				CLANG_WARN_UNGUARDED_AVAILABILITY = YES_AGGRESSIVE;
				CLANG_WARN_UNREACHABLE_CODE = YES;
				CLANG_WARN__DUPLICATE_METHOD_MATCH = YES;
				COPY_PHASE_STRIP = NO;
				DEBUG_INFORMATION_FORMAT = dwarf;
				ENABLE_STRICT_OBJC_MSGSEND = YES;
				ENABLE_TESTABILITY = YES;
				GCC_C_LANGUAGE_STANDARD = gnu11;
				GCC_DYNAMIC_NO_PIC = NO;
				GCC_NO_COMMON_BLOCKS = YES;
				GCC_OPTIMIZATION_LEVEL = 0;
				GCC_PREPROCESSOR_DEFINITIONS = (
					"DEBUG=1",
					"$(inherited)",
				);
				GCC_WARN_64_TO_32_BIT_CONVERSION = YES;
				GCC_WARN_ABOUT_RETURN_TYPE = YES_ERROR;
				GCC_WARN_UNDECLARED_SELECTOR = YES;
				GCC_WARN_UNINITIALIZED_AUTOS = YES_AGGRESSIVE;
				GCC_WARN_UNUSED_FUNCTION = YES;
				GCC_WARN_UNUSED_VARIABLE = YES;
				IPHONEOS_DEPLOYMENT_TARGET = 16.4;
				MTL_ENABLE_DEBUG_INFO = INCLUDE_SOURCE;
				MTL_FAST_MATH = YES;
				ONLY_ACTIVE_ARCH = YES;
				SDKROOT = iphoneos;
				SWIFT_ACTIVE_COMPILATION_CONDITIONS = DEBUG;
				SWIFT_OPTIMIZATION_LEVEL = "-Onone";
			};
			name = Debug;
		};
		5B0A55B72B5E0DAE0000CBD8 /* Release */ = {
			isa = XCBuildConfiguration;
			buildSettings = {
				ALWAYS_SEARCH_USER_PATHS = NO;
				CLANG_ANALYZER_NONNULL = YES;
				CLANG_ANALYZER_NUMBER_OBJECT_CONVERSION = YES_AGGRESSIVE;
				CLANG_CXX_LANGUAGE_STANDARD = "gnu++20";
				CLANG_ENABLE_MODULES = YES;
				CLANG_ENABLE_OBJC_ARC = YES;
				CLANG_ENABLE_OBJC_WEAK = YES;
				CLANG_WARN_BLOCK_CAPTURE_AUTORELEASING = YES;
				CLANG_WARN_BOOL_CONVERSION = YES;
				CLANG_WARN_COMMA = YES;
				CLANG_WARN_CONSTANT_CONVERSION = YES;
				CLANG_WARN_DEPRECATED_OBJC_IMPLEMENTATIONS = YES;
				CLANG_WARN_DIRECT_OBJC_ISA_USAGE = YES_ERROR;
				CLANG_WARN_DOCUMENTATION_COMMENTS = YES;
				CLANG_WARN_EMPTY_BODY = YES;
				CLANG_WARN_ENUM_CONVERSION = YES;
				CLANG_WARN_INFINITE_RECURSION = YES;
				CLANG_WARN_INT_CONVERSION = YES;
				CLANG_WARN_NON_LITERAL_NULL_CONVERSION = YES;
				CLANG_WARN_OBJC_IMPLICIT_RETAIN_SELF = YES;
				CLANG_WARN_OBJC_LITERAL_CONVERSION = YES;
				CLANG_WARN_OBJC_ROOT_CLASS = YES_ERROR;
				CLANG_WARN_QUOTED_INCLUDE_IN_FRAMEWORK_HEADER = YES;
				CLANG_WARN_RANGE_LOOP_ANALYSIS = YES;
				CLANG_WARN_STRICT_PROTOTYPES = YES;
				CLANG_WARN_SUSPICIOUS_MOVE = YES;
				CLANG_WARN_UNGUARDED_AVAILABILITY = YES_AGGRESSIVE;
				CLANG_WARN_UNREACHABLE_CODE = YES;
				CLANG_WARN__DUPLICATE_METHOD_MATCH = YES;
				COPY_PHASE_STRIP = NO;
				DEBUG_INFORMATION_FORMAT = "dwarf-with-dsym";
				ENABLE_NS_ASSERTIONS = NO;
				ENABLE_STRICT_OBJC_MSGSEND = YES;
				GCC_C_LANGUAGE_STANDARD = gnu11;
				GCC_NO_COMMON_BLOCKS = YES;
				GCC_WARN_64_TO_32_BIT_CONVERSION = YES;
				GCC_WARN_ABOUT_RETURN_TYPE = YES_ERROR;
				GCC_WARN_UNDECLARED_SELECTOR = YES;
				GCC_WARN_UNINITIALIZED_AUTOS = YES_AGGRESSIVE;
				GCC_WARN_UNUSED_FUNCTION = YES;
				GCC_WARN_UNUSED_VARIABLE = YES;
				IPHONEOS_DEPLOYMENT_TARGET = 16.4;
				MTL_ENABLE_DEBUG_INFO = NO;
				MTL_FAST_MATH = YES;
				SDKROOT = iphoneos;
				SWIFT_COMPILATION_MODE = wholemodule;
				SWIFT_OPTIMIZATION_LEVEL = "-O";
				VALIDATE_PRODUCT = YES;
			};
			name = Release;
		};
		5B0A55B92B5E0DAE0000CBD8 /* Debug */ = {
			isa = XCBuildConfiguration;
			buildSettings = {
				ASSETCATALOG_COMPILER_APPICON_NAME = AppIcon;
				ASSETCATALOG_COMPILER_GLOBAL_ACCENT_COLOR_NAME = AccentColor;
				CODE_SIGN_STYLE = Automatic;
				CURRENT_PROJECT_VERSION = 1;
				GENERATE_INFOPLIST_FILE = YES;
				INFOPLIST_FILE = PracticeApp04/Info.plist;
				INFOPLIST_KEY_UIApplicationSupportsIndirectInputEvents = YES;
				INFOPLIST_KEY_UILaunchStoryboardName = LaunchScreen;
				INFOPLIST_KEY_UIMainStoryboardFile = Main;
				INFOPLIST_KEY_UISupportedInterfaceOrientations_iPad = "UIInterfaceOrientationPortrait UIInterfaceOrientationPortraitUpsideDown UIInterfaceOrientationLandscapeLeft UIInterfaceOrientationLandscapeRight";
				INFOPLIST_KEY_UISupportedInterfaceOrientations_iPhone = "UIInterfaceOrientationPortrait UIInterfaceOrientationLandscapeLeft UIInterfaceOrientationLandscapeRight";
				LD_RUNPATH_SEARCH_PATHS = (
					"$(inherited)",
					"@executable_path/Frameworks",
				);
				MARKETING_VERSION = 1.0;
				PRODUCT_BUNDLE_IDENTIFIER = com.LDW.PracticeApp04;
				PRODUCT_NAME = "$(TARGET_NAME)";
				SWIFT_EMIT_LOC_STRINGS = YES;
				SWIFT_VERSION = 5.0;
				TARGETED_DEVICE_FAMILY = "1,2";
			};
			name = Debug;
		};
		5B0A55BA2B5E0DAE0000CBD8 /* Release */ = {
			isa = XCBuildConfiguration;
			buildSettings = {
				ASSETCATALOG_COMPILER_APPICON_NAME = AppIcon;
				ASSETCATALOG_COMPILER_GLOBAL_ACCENT_COLOR_NAME = AccentColor;
				CODE_SIGN_STYLE = Automatic;
				CURRENT_PROJECT_VERSION = 1;
				GENERATE_INFOPLIST_FILE = YES;
				INFOPLIST_FILE = PracticeApp04/Info.plist;
				INFOPLIST_KEY_UIApplicationSupportsIndirectInputEvents = YES;
				INFOPLIST_KEY_UILaunchStoryboardName = LaunchScreen;
				INFOPLIST_KEY_UIMainStoryboardFile = Main;
				INFOPLIST_KEY_UISupportedInterfaceOrientations_iPad = "UIInterfaceOrientationPortrait UIInterfaceOrientationPortraitUpsideDown UIInterfaceOrientationLandscapeLeft UIInterfaceOrientationLandscapeRight";
				INFOPLIST_KEY_UISupportedInterfaceOrientations_iPhone = "UIInterfaceOrientationPortrait UIInterfaceOrientationLandscapeLeft UIInterfaceOrientationLandscapeRight";
				LD_RUNPATH_SEARCH_PATHS = (
					"$(inherited)",
					"@executable_path/Frameworks",
				);
				MARKETING_VERSION = 1.0;
				PRODUCT_BUNDLE_IDENTIFIER = com.LDW.PracticeApp04;
				PRODUCT_NAME = "$(TARGET_NAME)";
				SWIFT_EMIT_LOC_STRINGS = YES;
				SWIFT_VERSION = 5.0;
				TARGETED_DEVICE_FAMILY = "1,2";
			};
			name = Release;
		};
/* End XCBuildConfiguration section */

/* Begin XCConfigurationList section */
		5B0A559F2B5E0DAD0000CBD8 /* Build configuration list for PBXProject "PracticeApp04" */ = {
			isa = XCConfigurationList;
			buildConfigurations = (
				5B0A55B62B5E0DAE0000CBD8 /* Debug */,
				5B0A55B72B5E0DAE0000CBD8 /* Release */,
			);
			defaultConfigurationIsVisible = 0;
			defaultConfigurationName = Release;
		};
		5B0A55B82B5E0DAE0000CBD8 /* Build configuration list for PBXNativeTarget "PracticeApp04" */ = {
			isa = XCConfigurationList;
			buildConfigurations = (
				5B0A55B92B5E0DAE0000CBD8 /* Debug */,
				5B0A55BA2B5E0DAE0000CBD8 /* Release */,
			);
			defaultConfigurationIsVisible = 0;
			defaultConfigurationName = Release;
		};
/* End XCConfigurationList section */
	};
	rootObject = 5B0A559C2B5E0DAD0000CBD8 /* Project object */;
}
